
Microsoft Visual Studio Solution File, Format Version 12.00
# Visual Studio Version 16
VisualStudioVersion = 16.0.31321.278
MinimumVisualStudioVersion = 10.0.40219.1
Project("{FAE04EC0-301F-11D3-BF4B-00C04F79EFBC}") = "ProjectMagic_ASP", "ProjectMagic_ASP\ProjectMagic_ASP.csproj", "{BEAA572A-A807-4A8F-9F31-641C1D2E3FBC}"
EndProject
Global
	GlobalSection(SolutionConfigurationPlatforms) = preSolution
		Debug|Any CPU = Debug|Any CPU
		Release|Any CPU = Release|Any CPU
	EndGlobalSection
	GlobalSection(ProjectConfigurationPlatforms) = postSolution
		{BEAA572A-A807-4A8F-9F31-641C1D2E3FBC}.Debug|Any CPU.ActiveCfg = Debug|Any CPU
		{BEAA572A-A807-4A8F-9F31-641C1D2E3FBC}.Debug|Any CPU.Build.0 = Debug|Any CPU
		{BEAA572A-A807-4A8F-9F31-641C1D2E3FBC}.Release|Any CPU.ActiveCfg = Release|Any CPU
		{BEAA572A-A807-4A8F-9F31-641C1D2E3FBC}.Release|Any CPU.Build.0 = Release|Any CPU
	EndGlobalSection
	GlobalSection(SolutionProperties) = preSolution
		HideSolutionNode = FALSE
	EndGlobalSection
	GlobalSection(ExtensibilityGlobals) = postSolution
		SolutionGuid = {C6301FA6-3C45-4E48-A7E3-2A01F88F9EC1}
	EndGlobalSection
EndGlobal
